
Microsoft Visual Studio Solution File, Format Version 12.00
# Visual Studio Version 16
VisualStudioVersion = 25.0.1706.4
MinimumVisualStudioVersion = 10.0.40219.1
Project("{FAE04EC0-301F-11D3-BF4B-00C04F79EFBC}") = "ToDo_UrbanFt", "ToDo_UrbanFt\ToDo_UrbanFt.csproj", "{3A327F90-8797-4B84-80E2-C261744A1B51}"
EndProject
Project("{FAE04EC0-301F-11D3-BF4B-00C04F79EFBC}") = "ToDo_WebApp", "ToDo_WebApp\ToDo_WebApp.csproj", "{359FF176-1D57-4925-9EC2-B22606B0A64E}"
EndProject
Project("{FAE04EC0-301F-11D3-BF4B-00C04F79EFBC}") = "ToDo_UnitTests", "ToDo_UnitTests\ToDo_UnitTests.csproj", "{CBE81778-3BD7-49DA-8656-53D0DA48D112}"
EndProject
Global
	GlobalSection(SolutionConfigurationPlatforms) = preSolution
		Debug|Any CPU = Debug|Any CPU
		Release|Any CPU = Release|Any CPU
	EndGlobalSection
	GlobalSection(ProjectConfigurationPlatforms) = postSolution
		{3A327F90-8797-4B84-80E2-C261744A1B51}.Debug|Any CPU.ActiveCfg = Debug|Any CPU
		{3A327F90-8797-4B84-80E2-C261744A1B51}.Debug|Any CPU.Build.0 = Debug|Any CPU
		{3A327F90-8797-4B84-80E2-C261744A1B51}.Release|Any CPU.ActiveCfg = Release|Any CPU
		{3A327F90-8797-4B84-80E2-C261744A1B51}.Release|Any CPU.Build.0 = Release|Any CPU
		{359FF176-1D57-4925-9EC2-B22606B0A64E}.Debug|Any CPU.ActiveCfg = Debug|Any CPU
		{359FF176-1D57-4925-9EC2-B22606B0A64E}.Debug|Any CPU.Build.0 = Debug|Any CPU
		{359FF176-1D57-4925-9EC2-B22606B0A64E}.Release|Any CPU.ActiveCfg = Release|Any CPU
		{359FF176-1D57-4925-9EC2-B22606B0A64E}.Release|Any CPU.Build.0 = Release|Any CPU
		{CBE81778-3BD7-49DA-8656-53D0DA48D112}.Debug|Any CPU.ActiveCfg = Debug|Any CPU
		{CBE81778-3BD7-49DA-8656-53D0DA48D112}.Debug|Any CPU.Build.0 = Debug|Any CPU
		{CBE81778-3BD7-49DA-8656-53D0DA48D112}.Release|Any CPU.ActiveCfg = Release|Any CPU
		{CBE81778-3BD7-49DA-8656-53D0DA48D112}.Release|Any CPU.Build.0 = Release|Any CPU
	EndGlobalSection
	GlobalSection(SolutionProperties) = preSolution
		HideSolutionNode = FALSE
	EndGlobalSection
	GlobalSection(ExtensibilityGlobals) = postSolution
		SolutionGuid = {43F42549-18D9-439B-AB47-F2AF0298E77D}
	EndGlobalSection
EndGlobal
